
Microsoft Visual Studio Solution File, Format Version 12.00
# Visual Studio Version 16
VisualStudioVersion = 16.0.30907.101
MinimumVisualStudioVersion = 10.0.40219.1
Project("{FAE04EC0-301F-11D3-BF4B-00C04F79EFBC}") = "MethodExercise2", "MethodExercise2\MethodExercise2.csproj", "{FE5E62D3-CE56-4E03-9B03-30432E3E613F}"
EndProject
Global
	GlobalSection(SolutionConfigurationPlatforms) = preSolution
		Debug|Any CPU = Debug|Any CPU
		Release|Any CPU = Release|Any CPU
	EndGlobalSection
	GlobalSection(ProjectConfigurationPlatforms) = postSolution
		{FE5E62D3-CE56-4E03-9B03-30432E3E613F}.Debug|Any CPU.ActiveCfg = Debug|Any CPU
		{FE5E62D3-CE56-4E03-9B03-30432E3E613F}.Debug|Any CPU.Build.0 = Debug|Any CPU
		{FE5E62D3-CE56-4E03-9B03-30432E3E613F}.Release|Any CPU.ActiveCfg = Release|Any CPU
		{FE5E62D3-CE56-4E03-9B03-30432E3E613F}.Release|Any CPU.Build.0 = Release|Any CPU
	EndGlobalSection
	GlobalSection(SolutionProperties) = preSolution
		HideSolutionNode = FALSE
	EndGlobalSection
	GlobalSection(ExtensibilityGlobals) = postSolution
		SolutionGuid = {D9C9DB6B-3DEE-4FFC-8707-A90E6DAFCE16}
	EndGlobalSection
EndGlobal
